
Microsoft Visual Studio Solution File, Format Version 12.00
# Visual Studio Version 17
VisualStudioVersion = 17.7.34031.279
MinimumVisualStudioVersion = 10.0.40219.1
Project("{FAE04EC0-301F-11D3-BF4B-00C04F79EFBC}") = "ValidateHexcode", "ValidateHexcode\ValidateHexcode.csproj", "{EE741B46-D892-431F-945E-8DF3C4D57E72}"
EndProject
Project("{FAE04EC0-301F-11D3-BF4B-00C04F79EFBC}") = "Test", "Test\Test.csproj", "{ED9D5CF6-EF75-4096-B8DB-D5352DF35E11}"
EndProject
Global
	GlobalSection(SolutionConfigurationPlatforms) = preSolution
		Debug|Any CPU = Debug|Any CPU
		Release|Any CPU = Release|Any CPU
	EndGlobalSection
	GlobalSection(ProjectConfigurationPlatforms) = postSolution
		{EE741B46-D892-431F-945E-8DF3C4D57E72}.Debug|Any CPU.ActiveCfg = Debug|Any CPU
		{EE741B46-D892-431F-945E-8DF3C4D57E72}.Debug|Any CPU.Build.0 = Debug|Any CPU
		{EE741B46-D892-431F-945E-8DF3C4D57E72}.Release|Any CPU.ActiveCfg = Release|Any CPU
		{EE741B46-D892-431F-945E-8DF3C4D57E72}.Release|Any CPU.Build.0 = Release|Any CPU
		{ED9D5CF6-EF75-4096-B8DB-D5352DF35E11}.Debug|Any CPU.ActiveCfg = Debug|Any CPU
		{ED9D5CF6-EF75-4096-B8DB-D5352DF35E11}.Debug|Any CPU.Build.0 = Debug|Any CPU
		{ED9D5CF6-EF75-4096-B8DB-D5352DF35E11}.Release|Any CPU.ActiveCfg = Release|Any CPU
		{ED9D5CF6-EF75-4096-B8DB-D5352DF35E11}.Release|Any CPU.Build.0 = Release|Any CPU
	EndGlobalSection
	GlobalSection(SolutionProperties) = preSolution
		HideSolutionNode = FALSE
	EndGlobalSection
	GlobalSection(ExtensibilityGlobals) = postSolution
		SolutionGuid = {83379DB1-7143-49E5-9668-645537F0DF4F}
	EndGlobalSection
EndGlobal
